
Microsoft Visual Studio Solution File, Format Version 12.00
# Visual Studio 15
VisualStudioVersion = 15.0.27428.1
MinimumVisualStudioVersion = 10.0.40219.1
Project("{8BC9CEB8-8B4A-11D0-8D11-00A0C91BC942}") = "Snes9x2010_libretro", "Snes9x_2010_libretro.vcxproj", "{9C83CE74-8931-49A7-A283-85251E586F6A}"
EndProject
Global
	GlobalSection(Performance) = preSolution
		HasPerformanceSessions = true
	EndGlobalSection
	GlobalSection(SolutionConfigurationPlatforms) = preSolution
		Debug|x64 = Debug|x64
		Debug|x86 = Debug|x86
		Release|x64 = Release|x64
		Release|x86 = Release|x86
	EndGlobalSection
	GlobalSection(ProjectConfigurationPlatforms) = postSolution
		{9C83CE74-8931-49A7-A283-85251E586F6A}.Debug|x64.ActiveCfg = Debug|x64
		{9C83CE74-8931-49A7-A283-85251E586F6A}.Debug|x64.Build.0 = Debug|x64
		{9C83CE74-8931-49A7-A283-85251E586F6A}.Debug|x86.ActiveCfg = Debug|Win32
		{9C83CE74-8931-49A7-A283-85251E586F6A}.Debug|x86.Build.0 = Debug|Win32
		{9C83CE74-8931-49A7-A283-85251E586F6A}.Release|x64.ActiveCfg = Release|x64
		{9C83CE74-8931-49A7-A283-85251E586F6A}.Release|x64.Build.0 = Release|x64
		{9C83CE74-8931-49A7-A283-85251E586F6A}.Release|x86.ActiveCfg = Release|Win32
		{9C83CE74-8931-49A7-A283-85251E586F6A}.Release|x86.Build.0 = Release|Win32
	EndGlobalSection
	GlobalSection(SolutionProperties) = preSolution
		HideSolutionNode = FALSE
	EndGlobalSection
	GlobalSection(ExtensibilityGlobals) = postSolution
		SolutionGuid = {1472F1FD-B7D3-4187-B433-495FF6C57F98}
	EndGlobalSection
	GlobalSection(Performance) = preSolution
		HasPerformanceSessions = true
	EndGlobalSection
EndGlobal
